
Microsoft Visual Studio Solution File, Format Version 12.00
# Visual Studio Version 17
VisualStudioVersion = 17.10.35013.160
MinimumVisualStudioVersion = 10.0.40219.1
Project("{FAE04EC0-301F-11D3-BF4B-00C04F79EFBC}") = "AuthDAY5", "AuthDAY5\AuthDAY5.csproj", "{C31D90EC-CFAF-41C4-815D-72466B69ADDD}"
EndProject
Global
	GlobalSection(SolutionConfigurationPlatforms) = preSolution
		Debug|Any CPU = Debug|Any CPU
		Release|Any CPU = Release|Any CPU
	EndGlobalSection
	GlobalSection(ProjectConfigurationPlatforms) = postSolution
		{C31D90EC-CFAF-41C4-815D-72466B69ADDD}.Debug|Any CPU.ActiveCfg = Debug|Any CPU
		{C31D90EC-CFAF-41C4-815D-72466B69ADDD}.Debug|Any CPU.Build.0 = Debug|Any CPU
		{C31D90EC-CFAF-41C4-815D-72466B69ADDD}.Release|Any CPU.ActiveCfg = Release|Any CPU
		{C31D90EC-CFAF-41C4-815D-72466B69ADDD}.Release|Any CPU.Build.0 = Release|Any CPU
	EndGlobalSection
	GlobalSection(SolutionProperties) = preSolution
		HideSolutionNode = FALSE
	EndGlobalSection
	GlobalSection(ExtensibilityGlobals) = postSolution
		SolutionGuid = {26860334-DB5D-4B7A-B655-92A8D199EFF7}
	EndGlobalSection
EndGlobal
